{
  "name": "myapp",
  "version": "0.1.0",
  "lockfileVersion": 1,
  "requires": true,
  "dependencies": {
    "@types/date-now": {
      "version": "1.0.0",
      "resolved": "https://registry.npmjs.org/@types/date-now/-/date-now-1.0.0.tgz",
      "integrity": "sha512-D3NnUFqDCVA5CXV1GrF+m4hVInDF/njSHs5JnoIpcMT6xhkbllz9ZAlAL4PdMFfCR417VEE5KeB0fJ9526p4pw=="
    },
    "date-now": {
      "version": "1.0.1",
      "resolved": "https://registry.npmjs.org/date-now/-/date-now-1.0.1.tgz",
      "integrity": "sha1-u30IZDjevkGCpIX7PfP7+5nWFTw="
    }
  }
}
